
Microsoft Visual Studio Solution File, Format Version 12.00
# Visual Studio Version 16
VisualStudioVersion = 16.0.31220.234
MinimumVisualStudioVersion = 10.0.40219.1
Project("{9A19103F-16F7-4668-BE54-9A1E7A4F7556}") = "ToyRobotSim", "ToyRobotSim\ToyRobotSim.csproj", "{AC5B0F5E-1A81-4F49-8D6A-62F0B4C6D078}"
EndProject
Project("{9A19103F-16F7-4668-BE54-9A1E7A4F7556}") = "ToyRobotSim.Tests", "ToyRobotSim.Tests\ToyRobotSim.Tests.csproj", "{AE5B6F1D-1AC3-4913-85A9-A840769DA059}"
EndProject
Project("{9A19103F-16F7-4668-BE54-9A1E7A4F7556}") = "ToyRobotSimLib", "ToyRobotSimLib\ToyRobotSimLib.csproj", "{562C71EA-C484-4874-8E40-09F991CEC7F7}"
EndProject
Project("{FAE04EC0-301F-11D3-BF4B-00C04F79EFBC}") = "ToyRobotSimBlazor", "ToyRobotSimBlazor\ToyRobotSimBlazor.csproj", "{D9E84BC0-9F67-4E6D-9743-36ED4E57380F}"
EndProject
Global
	GlobalSection(SolutionConfigurationPlatforms) = preSolution
		Debug|Any CPU = Debug|Any CPU
		Release|Any CPU = Release|Any CPU
	EndGlobalSection
	GlobalSection(ProjectConfigurationPlatforms) = postSolution
		{AC5B0F5E-1A81-4F49-8D6A-62F0B4C6D078}.Debug|Any CPU.ActiveCfg = Debug|Any CPU
		{AC5B0F5E-1A81-4F49-8D6A-62F0B4C6D078}.Debug|Any CPU.Build.0 = Debug|Any CPU
		{AC5B0F5E-1A81-4F49-8D6A-62F0B4C6D078}.Release|Any CPU.ActiveCfg = Release|Any CPU
		{AC5B0F5E-1A81-4F49-8D6A-62F0B4C6D078}.Release|Any CPU.Build.0 = Release|Any CPU
		{AE5B6F1D-1AC3-4913-85A9-A840769DA059}.Debug|Any CPU.ActiveCfg = Debug|Any CPU
		{AE5B6F1D-1AC3-4913-85A9-A840769DA059}.Debug|Any CPU.Build.0 = Debug|Any CPU
		{AE5B6F1D-1AC3-4913-85A9-A840769DA059}.Release|Any CPU.ActiveCfg = Release|Any CPU
		{AE5B6F1D-1AC3-4913-85A9-A840769DA059}.Release|Any CPU.Build.0 = Release|Any CPU
		{562C71EA-C484-4874-8E40-09F991CEC7F7}.Debug|Any CPU.ActiveCfg = Debug|Any CPU
		{562C71EA-C484-4874-8E40-09F991CEC7F7}.Debug|Any CPU.Build.0 = Debug|Any CPU
		{562C71EA-C484-4874-8E40-09F991CEC7F7}.Release|Any CPU.ActiveCfg = Release|Any CPU
		{562C71EA-C484-4874-8E40-09F991CEC7F7}.Release|Any CPU.Build.0 = Release|Any CPU
		{D9E84BC0-9F67-4E6D-9743-36ED4E57380F}.Debug|Any CPU.ActiveCfg = Debug|Any CPU
		{D9E84BC0-9F67-4E6D-9743-36ED4E57380F}.Debug|Any CPU.Build.0 = Debug|Any CPU
		{D9E84BC0-9F67-4E6D-9743-36ED4E57380F}.Release|Any CPU.ActiveCfg = Release|Any CPU
		{D9E84BC0-9F67-4E6D-9743-36ED4E57380F}.Release|Any CPU.Build.0 = Release|Any CPU
	EndGlobalSection
	GlobalSection(SolutionProperties) = preSolution
		HideSolutionNode = FALSE
	EndGlobalSection
	GlobalSection(ExtensibilityGlobals) = postSolution
		SolutionGuid = {822A539D-DE8B-4B5E-8211-6CB393AB2B8F}
	EndGlobalSection
EndGlobal
